# Optional BLE host adapter: Linux x86_64 / CPython 3.11.
bleak==1.1.1 --hash=sha256:e601371396e357d95ee3c256db65b7da624c94ef6f051d47dfce93ea8361c22e
dbus-fast==5.0.22 --hash=sha256:886b43446b6fdc3986befbbb88db1365b14e49dd0a7edf84c2c67ac66c7160a4
typing-extensions==4.16.0 --hash=sha256:481caa481374e813c1b176ada14e97f1f67a4539ce9cfeb3f350d78d6370c2e8
